
Microsoft Visual Studio Solution File, Format Version 11.00
# Visual Studio 2010
Project("{8BC9CEB8-8B4A-11D0-8D11-00A0C91BC942}") = "GTAV_PS3_NativeCall", "GTAV_PS3_NativeCall.vcxproj", "{D3226A14-6579-4F34-8CCF-9CBDAD562F85}"
EndProject
Global
	GlobalSection(SolutionConfigurationPlatforms) = preSolution
		Debug|PS3 = Debug|PS3
		Release|PS3 = Release|PS3
	EndGlobalSection
	GlobalSection(ProjectConfigurationPlatforms) = postSolution
		{D3226A14-6579-4F34-8CCF-9CBDAD562F85}.Debug|PS3.ActiveCfg = Debug|PS3
		{D3226A14-6579-4F34-8CCF-9CBDAD562F85}.Debug|PS3.Build.0 = Debug|PS3
		{D3226A14-6579-4F34-8CCF-9CBDAD562F85}.Release|PS3.ActiveCfg = Release|PS3
		{D3226A14-6579-4F34-8CCF-9CBDAD562F85}.Release|PS3.Build.0 = Release|PS3
	EndGlobalSection
	GlobalSection(SolutionProperties) = preSolution
		HideSolutionNode = FALSE
	EndGlobalSection
EndGlobal
